
Microsoft Visual Studio Solution File, Format Version 12.00
# Visual Studio Version 17
VisualStudioVersion = 17.3.32811.315
MinimumVisualStudioVersion = 10.0.40219.1
Project("{FAE04EC0-301F-11D3-BF4B-00C04F79EFBC}") = "IrishSpring", "IrishSpring\IrishSpring.csproj", "{A0E2B6AB-8F84-46BE-A54D-1217BE966558}"
EndProject
Global
	GlobalSection(SolutionConfigurationPlatforms) = preSolution
		Debug|Any CPU = Debug|Any CPU
		Release|Any CPU = Release|Any CPU
	EndGlobalSection
	GlobalSection(ProjectConfigurationPlatforms) = postSolution
		{A0E2B6AB-8F84-46BE-A54D-1217BE966558}.Debug|Any CPU.ActiveCfg = Debug|Any CPU
		{A0E2B6AB-8F84-46BE-A54D-1217BE966558}.Debug|Any CPU.Build.0 = Debug|Any CPU
		{A0E2B6AB-8F84-46BE-A54D-1217BE966558}.Release|Any CPU.ActiveCfg = Release|Any CPU
		{A0E2B6AB-8F84-46BE-A54D-1217BE966558}.Release|Any CPU.Build.0 = Release|Any CPU
	EndGlobalSection
	GlobalSection(SolutionProperties) = preSolution
		HideSolutionNode = FALSE
	EndGlobalSection
	GlobalSection(ExtensibilityGlobals) = postSolution
		SolutionGuid = {8F79340B-5B50-4487-BBE7-2D7C757245ED}
	EndGlobalSection
EndGlobal
